// !$*UTF8*$!
{
	archiveVersion = 1;
	classes = {
	};
	objectVersion = 55;
	objects = {

/* Begin PBXBuildFile section */
		C327D624295DCF460010A37D /* DetailViewModel.swift in Sources */ = {isa = PBXBuildFile; fileRef = C327D623295DCF460010A37D /* DetailViewModel.swift */; };
		C327D626295DD1BE0010A37D /* DetailRouter.swift in Sources */ = {isa = PBXBuildFile; fileRef = C327D625295DD1BE0010A37D /* DetailRouter.swift */; };
		C327D628295DDC610010A37D /* MovieDetail.swift in Sources */ = {isa = PBXBuildFile; fileRef = C327D627295DDC610010A37D /* MovieDetail.swift */; };
		C327D639295F2BF80010A37D /* MovieRepository.swift in Sources */ = {isa = PBXBuildFile; fileRef = C327D638295F2BF80010A37D /* MovieRepository.swift */; };
		C34186BE295B4BA100DD3638 /* AppDelegate.swift in Sources */ = {isa = PBXBuildFile; fileRef = C34186BD295B4BA100DD3638 /* AppDelegate.swift */; };
		C34186C0295B4BA100DD3638 /* SceneDelegate.swift in Sources */ = {isa = PBXBuildFile; fileRef = C34186BF295B4BA100DD3638 /* SceneDelegate.swift */; };
		C34186C2295B4BA100DD3638 /* ViewController.swift in Sources */ = {isa = PBXBuildFile; fileRef = C34186C1295B4BA100DD3638 /* ViewController.swift */; };
		C34186C5295B4BA100DD3638 /* Main.storyboard in Resources */ = {isa = PBXBuildFile; fileRef = C34186C3295B4BA100DD3638 /* Main.storyboard */; };
		C34186C7295B4BA300DD3638 /* Assets.xcassets in Resources */ = {isa = PBXBuildFile; fileRef = C34186C6295B4BA300DD3638 /* Assets.xcassets */; };
		C34186CA295B4BA300DD3638 /* LaunchScreen.storyboard in Resources */ = {isa = PBXBuildFile; fileRef = C34186C8295B4BA300DD3638 /* LaunchScreen.storyboard */; };
		C34186D7295B4EB000DD3638 /* HomeView.swift in Sources */ = {isa = PBXBuildFile; fileRef = C34186D5295B4EB000DD3638 /* HomeView.swift */; };
		C34186D8295B4EB000DD3638 /* HomeView.xib in Resources */ = {isa = PBXBuildFile; fileRef = C34186D6295B4EB000DD3638 /* HomeView.xib */; };
		C34186DA295B4F3900DD3638 /* HomeRouter.swift in Sources */ = {isa = PBXBuildFile; fileRef = C34186D9295B4F3900DD3638 /* HomeRouter.swift */; };
		C34186DC295B577300DD3638 /* HomeViewModel.swift in Sources */ = {isa = PBXBuildFile; fileRef = C34186DB295B577300DD3638 /* HomeViewModel.swift */; };
		C34186DF295CA40600DD3638 /* Keys.swift in Sources */ = {isa = PBXBuildFile; fileRef = C34186DE295CA40600DD3638 /* Keys.swift */; };
		C34186E2295CA50500DD3638 /* Constants.swift in Sources */ = {isa = PBXBuildFile; fileRef = C34186E1295CA50500DD3638 /* Constants.swift */; };
		C34186E5295CB46300DD3638 /* ManagerConnections.swift in Sources */ = {isa = PBXBuildFile; fileRef = C34186E4295CB46300DD3638 /* ManagerConnections.swift */; };
		C34186E9295CB71300DD3638 /* Movie.swift in Sources */ = {isa = PBXBuildFile; fileRef = C34186E8295CB71300DD3638 /* Movie.swift */; };
		C34186ED295CDB8500DD3638 /* MovieCell.swift in Sources */ = {isa = PBXBuildFile; fileRef = C34186EB295CDB8500DD3638 /* MovieCell.swift */; };
		C34186EE295CDB8500DD3638 /* MovieCell.xib in Resources */ = {isa = PBXBuildFile; fileRef = C34186EC295CDB8500DD3638 /* MovieCell.xib */; };
		C34186F1295D45FF00DD3638 /* Extensions.swift in Sources */ = {isa = PBXBuildFile; fileRef = C34186F0295D45FF00DD3638 /* Extensions.swift */; };
		C34186F4295D5E3000DD3638 /* DetailView.swift in Sources */ = {isa = PBXBuildFile; fileRef = C34186F2295D5E3000DD3638 /* DetailView.swift */; };
		C34186F5295D5E3000DD3638 /* DetailView.xib in Resources */ = {isa = PBXBuildFile; fileRef = C34186F3295D5E3000DD3638 /* DetailView.xib */; };
		D64322C1AA74A1F99E8A6916 /* Pods_MoviesApp.framework in Frameworks */ = {isa = PBXBuildFile; fileRef = 346E73345FECA2E2EDAC76A6 /* Pods_MoviesApp.framework */; };
/* End PBXBuildFile section */

/* Begin PBXFileReference section */
		0EF278531D877C08FC8E4EC0 /* Pods-MoviesApp.debug.xcconfig */ = {isa = PBXFileReference; includeInIndex = 1; lastKnownFileType = text.xcconfig; name = "Pods-MoviesApp.debug.xcconfig"; path = "Target Support Files/Pods-MoviesApp/Pods-MoviesApp.debug.xcconfig"; sourceTree = "<group>"; };
		346E73345FECA2E2EDAC76A6 /* Pods_MoviesApp.framework */ = {isa = PBXFileReference; explicitFileType = wrapper.framework; includeInIndex = 0; path = Pods_MoviesApp.framework; sourceTree = BUILT_PRODUCTS_DIR; };
		AD1D3C6743F707885B2AE079 /* Pods-MoviesApp.release.xcconfig */ = {isa = PBXFileReference; includeInIndex = 1; lastKnownFileType = text.xcconfig; name = "Pods-MoviesApp.release.xcconfig"; path = "Target Support Files/Pods-MoviesApp/Pods-MoviesApp.release.xcconfig"; sourceTree = "<group>"; };
		C327D623295DCF460010A37D /* DetailViewModel.swift */ = {isa = PBXFileReference; lastKnownFileType = sourcecode.swift; path = DetailViewModel.swift; sourceTree = "<group>"; };
		C327D625295DD1BE0010A37D /* DetailRouter.swift */ = {isa = PBXFileReference; lastKnownFileType = sourcecode.swift; path = DetailRouter.swift; sourceTree = "<group>"; };
		C327D627295DDC610010A37D /* MovieDetail.swift */ = {isa = PBXFileReference; lastKnownFileType = sourcecode.swift; path = MovieDetail.swift; sourceTree = "<group>"; };
		C327D638295F2BF80010A37D /* MovieRepository.swift */ = {isa = PBXFileReference; lastKnownFileType = sourcecode.swift; path = MovieRepository.swift; sourceTree = "<group>"; };
		C34186BA295B4BA100DD3638 /* MoviesApp.app */ = {isa = PBXFileReference; explicitFileType = wrapper.application; includeInIndex = 0; path = MoviesApp.app; sourceTree = BUILT_PRODUCTS_DIR; };
		C34186BD295B4BA100DD3638 /* AppDelegate.swift */ = {isa = PBXFileReference; lastKnownFileType = sourcecode.swift; path = AppDelegate.swift; sourceTree = "<group>"; };
		C34186BF295B4BA100DD3638 /* SceneDelegate.swift */ = {isa = PBXFileReference; lastKnownFileType = sourcecode.swift; path = SceneDelegate.swift; sourceTree = "<group>"; };
		C34186C1295B4BA100DD3638 /* ViewController.swift */ = {isa = PBXFileReference; lastKnownFileType = sourcecode.swift; path = ViewController.swift; sourceTree = "<group>"; };
		C34186C4295B4BA100DD3638 /* Base */ = {isa = PBXFileReference; lastKnownFileType = file.storyboard; name = Base; path = Base.lproj/Main.storyboard; sourceTree = "<group>"; };
		C34186C6295B4BA300DD3638 /* Assets.xcassets */ = {isa = PBXFileReference; lastKnownFileType = folder.assetcatalog; path = Assets.xcassets; sourceTree = "<group>"; };
		C34186C9295B4BA300DD3638 /* Base */ = {isa = PBXFileReference; lastKnownFileType = file.storyboard; name = Base; path = Base.lproj/LaunchScreen.storyboard; sourceTree = "<group>"; };
		C34186CB295B4BA300DD3638 /* Info.plist */ = {isa = PBXFileReference; lastKnownFileType = text.plist.xml; path = Info.plist; sourceTree = "<group>"; };
		C34186D5295B4EB000DD3638 /* HomeView.swift */ = {isa = PBXFileReference; lastKnownFileType = sourcecode.swift; path = HomeView.swift; sourceTree = "<group>"; };
		C34186D6295B4EB000DD3638 /* HomeView.xib */ = {isa = PBXFileReference; lastKnownFileType = file.xib; path = HomeView.xib; sourceTree = "<group>"; };
		C34186D9295B4F3900DD3638 /* HomeRouter.swift */ = {isa = PBXFileReference; lastKnownFileType = sourcecode.swift; path = HomeRouter.swift; sourceTree = "<group>"; };
		C34186DB295B577300DD3638 /* HomeViewModel.swift */ = {isa = PBXFileReference; lastKnownFileType = sourcecode.swift; path = HomeViewModel.swift; sourceTree = "<group>"; };
		C34186DE295CA40600DD3638 /* Keys.swift */ = {isa = PBXFileReference; lastKnownFileType = sourcecode.swift; path = Keys.swift; sourceTree = "<group>"; };
		C34186E1295CA50500DD3638 /* Constants.swift */ = {isa = PBXFileReference; lastKnownFileType = sourcecode.swift; path = Constants.swift; sourceTree = "<group>"; };
		C34186E4295CB46300DD3638 /* ManagerConnections.swift */ = {isa = PBXFileReference; lastKnownFileType = sourcecode.swift; path = ManagerConnections.swift; sourceTree = "<group>"; };
		C34186E8295CB71300DD3638 /* Movie.swift */ = {isa = PBXFileReference; lastKnownFileType = sourcecode.swift; path = Movie.swift; sourceTree = "<group>"; };
		C34186EB295CDB8500DD3638 /* MovieCell.swift */ = {isa = PBXFileReference; lastKnownFileType = sourcecode.swift; path = MovieCell.swift; sourceTree = "<group>"; };
		C34186EC295CDB8500DD3638 /* MovieCell.xib */ = {isa = PBXFileReference; lastKnownFileType = file.xib; path = MovieCell.xib; sourceTree = "<group>"; };
		C34186F0295D45FF00DD3638 /* Extensions.swift */ = {isa = PBXFileReference; lastKnownFileType = sourcecode.swift; path = Extensions.swift; sourceTree = "<group>"; };
		C34186F2295D5E3000DD3638 /* DetailView.swift */ = {isa = PBXFileReference; lastKnownFileType = sourcecode.swift; path = DetailView.swift; sourceTree = "<group>"; };
		C34186F3295D5E3000DD3638 /* DetailView.xib */ = {isa = PBXFileReference; lastKnownFileType = file.xib; path = DetailView.xib; sourceTree = "<group>"; };
/* End PBXFileReference section */

/* Begin PBXFrameworksBuildPhase section */
		C34186B7295B4BA100DD3638 /* Frameworks */ = {
			isa = PBXFrameworksBuildPhase;
			buildActionMask = 2147483647;
			files = (
				D64322C1AA74A1F99E8A6916 /* Pods_MoviesApp.framework in Frameworks */,
			);
			runOnlyForDeploymentPostprocessing = 0;
		};
/* End PBXFrameworksBuildPhase section */

/* Begin PBXGroup section */
		3871DFD1B07936093925526F /* Frameworks */ = {
			isa = PBXGroup;
			children = (
				346E73345FECA2E2EDAC76A6 /* Pods_MoviesApp.framework */,
			);
			name = Frameworks;
			sourceTree = "<group>";
		};
		C327D637295F2BEA0010A37D /* Repository */ = {
			isa = PBXGroup;
			children = (
				C327D638295F2BF80010A37D /* MovieRepository.swift */,
			);
			path = Repository;
			sourceTree = "<group>";
		};
		C34186B1295B4BA100DD3638 = {
			isa = PBXGroup;
			children = (
				C34186BC295B4BA100DD3638 /* MoviesApp */,
				C34186BB295B4BA100DD3638 /* Products */,
				F3919D860861E650DA11616C /* Pods */,
				3871DFD1B07936093925526F /* Frameworks */,
			);
			sourceTree = "<group>";
		};
		C34186BB295B4BA100DD3638 /* Products */ = {
			isa = PBXGroup;
			children = (
				C34186BA295B4BA100DD3638 /* MoviesApp.app */,
			);
			name = Products;
			sourceTree = "<group>";
		};
		C34186BC295B4BA100DD3638 /* MoviesApp */ = {
			isa = PBXGroup;
			children = (
				C34186E3295CB3C000DD3638 /* NetworkManager */,
				C34186D1295B4BD800DD3638 /* Scenes */,
				C34186E0295CA4D700DD3638 /* Utils */,
				C34186E6295CB6D600DD3638 /* Entity */,
				C34186BD295B4BA100DD3638 /* AppDelegate.swift */,
				C34186BF295B4BA100DD3638 /* SceneDelegate.swift */,
				C34186C1295B4BA100DD3638 /* ViewController.swift */,
				C34186C3295B4BA100DD3638 /* Main.storyboard */,
				C34186C6295B4BA300DD3638 /* Assets.xcassets */,
				C34186C8295B4BA300DD3638 /* LaunchScreen.storyboard */,
				C34186CB295B4BA300DD3638 /* Info.plist */,
			);
			path = MoviesApp;
			sourceTree = "<group>";
		};
		C34186D1295B4BD800DD3638 /* Scenes */ = {
			isa = PBXGroup;
			children = (
				C34186D2295B4C0300DD3638 /* Screens */,
			);
			path = Scenes;
			sourceTree = "<group>";
		};
		C34186D2295B4C0300DD3638 /* Screens */ = {
			isa = PBXGroup;
			children = (
				C34186D3295B4C0C00DD3638 /* Home */,
				C34186D4295B4C1100DD3638 /* Detail */,
			);
			path = Screens;
			sourceTree = "<group>";
		};
		C34186D3295B4C0C00DD3638 /* Home */ = {
			isa = PBXGroup;
			children = (
				C34186EA295CDB1800DD3638 /* Cell */,
				C34186D5295B4EB000DD3638 /* HomeView.swift */,
				C34186D6295B4EB000DD3638 /* HomeView.xib */,
				C34186DB295B577300DD3638 /* HomeViewModel.swift */,
				C34186D9295B4F3900DD3638 /* HomeRouter.swift */,
			);
			path = Home;
			sourceTree = "<group>";
		};
		C34186D4295B4C1100DD3638 /* Detail */ = {
			isa = PBXGroup;
			children = (
				C34186F2295D5E3000DD3638 /* DetailView.swift */,
				C34186F3295D5E3000DD3638 /* DetailView.xib */,
				C327D623295DCF460010A37D /* DetailViewModel.swift */,
				C327D625295DD1BE0010A37D /* DetailRouter.swift */,
			);
			path = Detail;
			sourceTree = "<group>";
		};
		C34186E0295CA4D700DD3638 /* Utils */ = {
			isa = PBXGroup;
			children = (
				C34186EF295D459700DD3638 /* Extensions */,
				C34186DE295CA40600DD3638 /* Keys.swift */,
				C34186E1295CA50500DD3638 /* Constants.swift */,
			);
			path = Utils;
			sourceTree = "<group>";
		};
		C34186E3295CB3C000DD3638 /* NetworkManager */ = {
			isa = PBXGroup;
			children = (
				C327D637295F2BEA0010A37D /* Repository */,
				C34186E4295CB46300DD3638 /* ManagerConnections.swift */,
			);
			path = NetworkManager;
			sourceTree = "<group>";
		};
		C34186E6295CB6D600DD3638 /* Entity */ = {
			isa = PBXGroup;
			children = (
				C34186E8295CB71300DD3638 /* Movie.swift */,
				C327D627295DDC610010A37D /* MovieDetail.swift */,
			);
			path = Entity;
			sourceTree = "<group>";
		};
		C34186EA295CDB1800DD3638 /* Cell */ = {
			isa = PBXGroup;
			children = (
				C34186EB295CDB8500DD3638 /* MovieCell.swift */,
				C34186EC295CDB8500DD3638 /* MovieCell.xib */,
			);
			path = Cell;
			sourceTree = "<group>";
		};
		C34186EF295D459700DD3638 /* Extensions */ = {
			isa = PBXGroup;
			children = (
				C34186F0295D45FF00DD3638 /* Extensions.swift */,
			);
			path = Extensions;
			sourceTree = "<group>";
		};
		F3919D860861E650DA11616C /* Pods */ = {
			isa = PBXGroup;
			children = (
				0EF278531D877C08FC8E4EC0 /* Pods-MoviesApp.debug.xcconfig */,
				AD1D3C6743F707885B2AE079 /* Pods-MoviesApp.release.xcconfig */,
			);
			path = Pods;
			sourceTree = "<group>";
		};
/* End PBXGroup section */

/* Begin PBXNativeTarget section */
		C34186B9295B4BA100DD3638 /* MoviesApp */ = {
			isa = PBXNativeTarget;
			buildConfigurationList = C34186CE295B4BA300DD3638 /* Build configuration list for PBXNativeTarget "MoviesApp" */;
			buildPhases = (
				26C0EC8B3CFB49D45BE3C613 /* [CP] Check Pods Manifest.lock */,
				C34186B6295B4BA100DD3638 /* Sources */,
				C34186B7295B4BA100DD3638 /* Frameworks */,
				C34186B8295B4BA100DD3638 /* Resources */,
				2CA0E6870DCDEA0349178AD4 /* [CP] Embed Pods Frameworks */,
			);
			buildRules = (
			);
			dependencies = (
			);
			name = MoviesApp;
			productName = MoviesApp;
			productReference = C34186BA295B4BA100DD3638 /* MoviesApp.app */;
			productType = "com.apple.product-type.application";
		};
/* End PBXNativeTarget section */

/* Begin PBXProject section */
		C34186B2295B4BA100DD3638 /* Project object */ = {
			isa = PBXProject;
			attributes = {
				BuildIndependentTargetsInParallel = 1;
				LastSwiftUpdateCheck = 1340;
				LastUpgradeCheck = 1340;
				TargetAttributes = {
					C34186B9295B4BA100DD3638 = {
						CreatedOnToolsVersion = 13.4.1;
					};
				};
			};
			buildConfigurationList = C34186B5295B4BA100DD3638 /* Build configuration list for PBXProject "MoviesApp" */;
			compatibilityVersion = "Xcode 13.0";
			developmentRegion = en;
			hasScannedForEncodings = 0;
			knownRegions = (
				en,
				Base,
			);
			mainGroup = C34186B1295B4BA100DD3638;
			productRefGroup = C34186BB295B4BA100DD3638 /* Products */;
			projectDirPath = "";
			projectRoot = "";
			targets = (
				C34186B9295B4BA100DD3638 /* MoviesApp */,
			);
		};
/* End PBXProject section */

/* Begin PBXResourcesBuildPhase section */
		C34186B8295B4BA100DD3638 /* Resources */ = {
			isa = PBXResourcesBuildPhase;
			buildActionMask = 2147483647;
			files = (
				C34186CA295B4BA300DD3638 /* LaunchScreen.storyboard in Resources */,
				C34186D8295B4EB000DD3638 /* HomeView.xib in Resources */,
				C34186C7295B4BA300DD3638 /* Assets.xcassets in Resources */,
				C34186F5295D5E3000DD3638 /* DetailView.xib in Resources */,
				C34186C5295B4BA100DD3638 /* Main.storyboard in Resources */,
				C34186EE295CDB8500DD3638 /* MovieCell.xib in Resources */,
			);
			runOnlyForDeploymentPostprocessing = 0;
		};
/* End PBXResourcesBuildPhase section */

/* Begin PBXShellScriptBuildPhase section */
		26C0EC8B3CFB49D45BE3C613 /* [CP] Check Pods Manifest.lock */ = {
			isa = PBXShellScriptBuildPhase;
			buildActionMask = 2147483647;
			files = (
			);
			inputFileListPaths = (
			);
			inputPaths = (
				"${PODS_PODFILE_DIR_PATH}/Podfile.lock",
				"${PODS_ROOT}/Manifest.lock",
			);
			name = "[CP] Check Pods Manifest.lock";
			outputFileListPaths = (
			);
			outputPaths = (
				"$(DERIVED_FILE_DIR)/Pods-MoviesApp-checkManifestLockResult.txt",
			);
			runOnlyForDeploymentPostprocessing = 0;
			shellPath = /bin/sh;
			shellScript = "diff \"${PODS_PODFILE_DIR_PATH}/Podfile.lock\" \"${PODS_ROOT}/Manifest.lock\" > /dev/null\nif [ $? != 0 ] ; then\n    # print error to STDERR\n    echo \"error: The sandbox is not in sync with the Podfile.lock. Run 'pod install' or update your CocoaPods installation.\" >&2\n    exit 1\nfi\n# This output is used by Xcode 'outputs' to avoid re-running this script phase.\necho \"SUCCESS\" > \"${SCRIPT_OUTPUT_FILE_0}\"\n";
			showEnvVarsInLog = 0;
		};
		2CA0E6870DCDEA0349178AD4 /* [CP] Embed Pods Frameworks */ = {
			isa = PBXShellScriptBuildPhase;
			buildActionMask = 2147483647;
			files = (
			);
			inputFileListPaths = (
				"${PODS_ROOT}/Target Support Files/Pods-MoviesApp/Pods-MoviesApp-frameworks-${CONFIGURATION}-input-files.xcfilelist",
			);
			name = "[CP] Embed Pods Frameworks";
			outputFileListPaths = (
				"${PODS_ROOT}/Target Support Files/Pods-MoviesApp/Pods-MoviesApp-frameworks-${CONFIGURATION}-output-files.xcfilelist",
			);
			runOnlyForDeploymentPostprocessing = 0;
			shellPath = /bin/sh;
			shellScript = "\"${PODS_ROOT}/Target Support Files/Pods-MoviesApp/Pods-MoviesApp-frameworks.sh\"\n";
			showEnvVarsInLog = 0;
		};
/* End PBXShellScriptBuildPhase section */

/* Begin PBXSourcesBuildPhase section */
		C34186B6295B4BA100DD3638 /* Sources */ = {
			isa = PBXSourcesBuildPhase;
			buildActionMask = 2147483647;
			files = (
				C327D626295DD1BE0010A37D /* DetailRouter.swift in Sources */,
				C34186C2295B4BA100DD3638 /* ViewController.swift in Sources */,
				C34186DC295B577300DD3638 /* HomeViewModel.swift in Sources */,
				C34186D7295B4EB000DD3638 /* HomeView.swift in Sources */,
				C34186ED295CDB8500DD3638 /* MovieCell.swift in Sources */,
				C34186BE295B4BA100DD3638 /* AppDelegate.swift in Sources */,
				C34186E9295CB71300DD3638 /* Movie.swift in Sources */,
				C34186DF295CA40600DD3638 /* Keys.swift in Sources */,
				C34186F4295D5E3000DD3638 /* DetailView.swift in Sources */,
				C34186F1295D45FF00DD3638 /* Extensions.swift in Sources */,
				C327D624295DCF460010A37D /* DetailViewModel.swift in Sources */,
				C327D639295F2BF80010A37D /* MovieRepository.swift in Sources */,
				C34186C0295B4BA100DD3638 /* SceneDelegate.swift in Sources */,
				C34186E5295CB46300DD3638 /* ManagerConnections.swift in Sources */,
				C34186DA295B4F3900DD3638 /* HomeRouter.swift in Sources */,
				C34186E2295CA50500DD3638 /* Constants.swift in Sources */,
				C327D628295DDC610010A37D /* MovieDetail.swift in Sources */,
			);
			runOnlyForDeploymentPostprocessing = 0;
		};
/* End PBXSourcesBuildPhase section */

/* Begin PBXVariantGroup section */
		C34186C3295B4BA100DD3638 /* Main.storyboard */ = {
			isa = PBXVariantGroup;
			children = (
				C34186C4295B4BA100DD3638 /* Base */,
			);
			name = Main.storyboard;
			sourceTree = "<group>";
		};
		C34186C8295B4BA300DD3638 /* LaunchScreen.storyboard */ = {
			isa = PBXVariantGroup;
			children = (
				C34186C9295B4BA300DD3638 /* Base */,
			);
			name = LaunchScreen.storyboard;
			sourceTree = "<group>";
		};
/* End PBXVariantGroup section */

/* Begin XCBuildConfiguration section */
		C34186CC295B4BA300DD3638 /* Debug */ = {
			isa = XCBuildConfiguration;
			buildSettings = {
				ALWAYS_SEARCH_USER_PATHS = NO;
				CLANG_ANALYZER_NONNULL = YES;
				CLANG_ANALYZER_NUMBER_OBJECT_CONVERSION = YES_AGGRESSIVE;
				CLANG_CXX_LANGUAGE_STANDARD = "gnu++17";
				CLANG_ENABLE_MODULES = YES;
				CLANG_ENABLE_OBJC_ARC = YES;
				CLANG_ENABLE_OBJC_WEAK = YES;
				CLANG_WARN_BLOCK_CAPTURE_AUTORELEASING = YES;
				CLANG_WARN_BOOL_CONVERSION = YES;
				CLANG_WARN_COMMA = YES;
				CLANG_WARN_CONSTANT_CONVERSION = YES;
				CLANG_WARN_DEPRECATED_OBJC_IMPLEMENTATIONS = YES;
				CLANG_WARN_DIRECT_OBJC_ISA_USAGE = YES_ERROR;
				CLANG_WARN_DOCUMENTATION_COMMENTS = YES;
				CLANG_WARN_EMPTY_BODY = YES;
				CLANG_WARN_ENUM_CONVERSION = YES;
				CLANG_WARN_INFINITE_RECURSION = YES;
				CLANG_WARN_INT_CONVERSION = YES;
				CLANG_WARN_NON_LITERAL_NULL_CONVERSION = YES;
				CLANG_WARN_OBJC_IMPLICIT_RETAIN_SELF = YES;
				CLANG_WARN_OBJC_LITERAL_CONVERSION = YES;
				CLANG_WARN_OBJC_ROOT_CLASS = YES_ERROR;
				CLANG_WARN_QUOTED_INCLUDE_IN_FRAMEWORK_HEADER = YES;
				CLANG_WARN_RANGE_LOOP_ANALYSIS = YES;
				CLANG_WARN_STRICT_PROTOTYPES = YES;
				CLANG_WARN_SUSPICIOUS_MOVE = YES;
				CLANG_WARN_UNGUARDED_AVAILABILITY = YES_AGGRESSIVE;
				CLANG_WARN_UNREACHABLE_CODE = YES;
				CLANG_WARN__DUPLICATE_METHOD_MATCH = YES;
				COPY_PHASE_STRIP = NO;
				DEBUG_INFORMATION_FORMAT = dwarf;
				ENABLE_STRICT_OBJC_MSGSEND = YES;
				ENABLE_TESTABILITY = YES;
				GCC_C_LANGUAGE_STANDARD = gnu11;
				GCC_DYNAMIC_NO_PIC = NO;
				GCC_NO_COMMON_BLOCKS = YES;
				GCC_OPTIMIZATION_LEVEL = 0;
				GCC_PREPROCESSOR_DEFINITIONS = (
					"DEBUG=1",
					"$(inherited)",
				);
				GCC_WARN_64_TO_32_BIT_CONVERSION = YES;
				GCC_WARN_ABOUT_RETURN_TYPE = YES_ERROR;
				GCC_WARN_UNDECLARED_SELECTOR = YES;
				GCC_WARN_UNINITIALIZED_AUTOS = YES_AGGRESSIVE;
				GCC_WARN_UNUSED_FUNCTION = YES;
				GCC_WARN_UNUSED_VARIABLE = YES;
				IPHONEOS_DEPLOYMENT_TARGET = 15.5;
				MTL_ENABLE_DEBUG_INFO = INCLUDE_SOURCE;
				MTL_FAST_MATH = YES;
				ONLY_ACTIVE_ARCH = YES;
				SDKROOT = iphoneos;
				SWIFT_ACTIVE_COMPILATION_CONDITIONS = DEBUG;
				SWIFT_OPTIMIZATION_LEVEL = "-Onone";
			};
			name = Debug;
		};
		C34186CD295B4BA300DD3638 /* Release */ = {
			isa = XCBuildConfiguration;
			buildSettings = {
				ALWAYS_SEARCH_USER_PATHS = NO;
				CLANG_ANALYZER_NONNULL = YES;
				CLANG_ANALYZER_NUMBER_OBJECT_CONVERSION = YES_AGGRESSIVE;
				CLANG_CXX_LANGUAGE_STANDARD = "gnu++17";
				CLANG_ENABLE_MODULES = YES;
				CLANG_ENABLE_OBJC_ARC = YES;
				CLANG_ENABLE_OBJC_WEAK = YES;
				CLANG_WARN_BLOCK_CAPTURE_AUTORELEASING = YES;
				CLANG_WARN_BOOL_CONVERSION = YES;
				CLANG_WARN_COMMA = YES;
				CLANG_WARN_CONSTANT_CONVERSION = YES;
				CLANG_WARN_DEPRECATED_OBJC_IMPLEMENTATIONS = YES;
				CLANG_WARN_DIRECT_OBJC_ISA_USAGE = YES_ERROR;
				CLANG_WARN_DOCUMENTATION_COMMENTS = YES;
				CLANG_WARN_EMPTY_BODY = YES;
				CLANG_WARN_ENUM_CONVERSION = YES;
				CLANG_WARN_INFINITE_RECURSION = YES;
				CLANG_WARN_INT_CONVERSION = YES;
				CLANG_WARN_NON_LITERAL_NULL_CONVERSION = YES;
				CLANG_WARN_OBJC_IMPLICIT_RETAIN_SELF = YES;
				CLANG_WARN_OBJC_LITERAL_CONVERSION = YES;
				CLANG_WARN_OBJC_ROOT_CLASS = YES_ERROR;
				CLANG_WARN_QUOTED_INCLUDE_IN_FRAMEWORK_HEADER = YES;
				CLANG_WARN_RANGE_LOOP_ANALYSIS = YES;
				CLANG_WARN_STRICT_PROTOTYPES = YES;
				CLANG_WARN_SUSPICIOUS_MOVE = YES;
				CLANG_WARN_UNGUARDED_AVAILABILITY = YES_AGGRESSIVE;
				CLANG_WARN_UNREACHABLE_CODE = YES;
				CLANG_WARN__DUPLICATE_METHOD_MATCH = YES;
				COPY_PHASE_STRIP = NO;
				DEBUG_INFORMATION_FORMAT = "dwarf-with-dsym";
				ENABLE_NS_ASSERTIONS = NO;
				ENABLE_STRICT_OBJC_MSGSEND = YES;
				GCC_C_LANGUAGE_STANDARD = gnu11;
				GCC_NO_COMMON_BLOCKS = YES;
				GCC_WARN_64_TO_32_BIT_CONVERSION = YES;
				GCC_WARN_ABOUT_RETURN_TYPE = YES_ERROR;
				GCC_WARN_UNDECLARED_SELECTOR = YES;
				GCC_WARN_UNINITIALIZED_AUTOS = YES_AGGRESSIVE;
				GCC_WARN_UNUSED_FUNCTION = YES;
				GCC_WARN_UNUSED_VARIABLE = YES;
				IPHONEOS_DEPLOYMENT_TARGET = 15.5;
				MTL_ENABLE_DEBUG_INFO = NO;
				MTL_FAST_MATH = YES;
				SDKROOT = iphoneos;
				SWIFT_COMPILATION_MODE = wholemodule;
				SWIFT_OPTIMIZATION_LEVEL = "-O";
				VALIDATE_PRODUCT = YES;
			};
			name = Release;
		};
		C34186CF295B4BA300DD3638 /* Debug */ = {
			isa = XCBuildConfiguration;
			baseConfigurationReference = 0EF278531D877C08FC8E4EC0 /* Pods-MoviesApp.debug.xcconfig */;
			buildSettings = {
				ASSETCATALOG_COMPILER_APPICON_NAME = AppIcon;
				ASSETCATALOG_COMPILER_GLOBAL_ACCENT_COLOR_NAME = AccentColor;
				CODE_SIGN_STYLE = Automatic;
				CURRENT_PROJECT_VERSION = 1;
				DEVELOPMENT_TEAM = VWTQSR7SQY;
				GENERATE_INFOPLIST_FILE = YES;
				INFOPLIST_FILE = MoviesApp/Info.plist;
				INFOPLIST_KEY_UIApplicationSupportsIndirectInputEvents = YES;
				INFOPLIST_KEY_UILaunchStoryboardName = LaunchScreen;
				INFOPLIST_KEY_UIMainStoryboardFile = Main;
				INFOPLIST_KEY_UISupportedInterfaceOrientations_iPad = "UIInterfaceOrientationPortrait UIInterfaceOrientationPortraitUpsideDown UIInterfaceOrientationLandscapeLeft UIInterfaceOrientationLandscapeRight";
				INFOPLIST_KEY_UISupportedInterfaceOrientations_iPhone = "UIInterfaceOrientationPortrait UIInterfaceOrientationLandscapeLeft UIInterfaceOrientationLandscapeRight";
				LD_RUNPATH_SEARCH_PATHS = (
					"$(inherited)",
					"@executable_path/Frameworks",
				);
				MARKETING_VERSION = 1.0;
				PRODUCT_BUNDLE_IDENTIFIER = ken.MoviesApp;
				PRODUCT_NAME = "$(TARGET_NAME)";
				SWIFT_EMIT_LOC_STRINGS = YES;
				SWIFT_VERSION = 5.0;
				TARGETED_DEVICE_FAMILY = "1,2";
			};
			name = Debug;
		};
		C34186D0295B4BA300DD3638 /* Release */ = {
			isa = XCBuildConfiguration;
			baseConfigurationReference = AD1D3C6743F707885B2AE079 /* Pods-MoviesApp.release.xcconfig */;
			buildSettings = {
				ASSETCATALOG_COMPILER_APPICON_NAME = AppIcon;
				ASSETCATALOG_COMPILER_GLOBAL_ACCENT_COLOR_NAME = AccentColor;
				CODE_SIGN_STYLE = Automatic;
				CURRENT_PROJECT_VERSION = 1;
				DEVELOPMENT_TEAM = VWTQSR7SQY;
				GENERATE_INFOPLIST_FILE = YES;
				INFOPLIST_FILE = MoviesApp/Info.plist;
				INFOPLIST_KEY_UIApplicationSupportsIndirectInputEvents = YES;
				INFOPLIST_KEY_UILaunchStoryboardName = LaunchScreen;
				INFOPLIST_KEY_UIMainStoryboardFile = Main;
				INFOPLIST_KEY_UISupportedInterfaceOrientations_iPad = "UIInterfaceOrientationPortrait UIInterfaceOrientationPortraitUpsideDown UIInterfaceOrientationLandscapeLeft UIInterfaceOrientationLandscapeRight";
				INFOPLIST_KEY_UISupportedInterfaceOrientations_iPhone = "UIInterfaceOrientationPortrait UIInterfaceOrientationLandscapeLeft UIInterfaceOrientationLandscapeRight";
				LD_RUNPATH_SEARCH_PATHS = (
					"$(inherited)",
					"@executable_path/Frameworks",
				);
				MARKETING_VERSION = 1.0;
				PRODUCT_BUNDLE_IDENTIFIER = ken.MoviesApp;
				PRODUCT_NAME = "$(TARGET_NAME)";
				SWIFT_EMIT_LOC_STRINGS = YES;
				SWIFT_VERSION = 5.0;
				TARGETED_DEVICE_FAMILY = "1,2";
			};
			name = Release;
		};
/* End XCBuildConfiguration section */

/* Begin XCConfigurationList section */
		C34186B5295B4BA100DD3638 /* Build configuration list for PBXProject "MoviesApp" */ = {
			isa = XCConfigurationList;
			buildConfigurations = (
				C34186CC295B4BA300DD3638 /* Debug */,
				C34186CD295B4BA300DD3638 /* Release */,
			);
			defaultConfigurationIsVisible = 0;
			defaultConfigurationName = Release;
		};
		C34186CE295B4BA300DD3638 /* Build configuration list for PBXNativeTarget "MoviesApp" */ = {
			isa = XCConfigurationList;
			buildConfigurations = (
				C34186CF295B4BA300DD3638 /* Debug */,
				C34186D0295B4BA300DD3638 /* Release */,
			);
			defaultConfigurationIsVisible = 0;
			defaultConfigurationName = Release;
		};
/* End XCConfigurationList section */
	};
	rootObject = C34186B2295B4BA100DD3638 /* Project object */;
}
